
Microsoft Visual Studio Solution File, Format Version 12.00
# Visual Studio Version 17
VisualStudioVersion = 17.4.33122.133
MinimumVisualStudioVersion = 10.0.40219.1
Project("{9A19103F-16F7-4668-BE54-9A1E7A4F7556}") = "Dma.DatasourceLoader", "DatasourceLoader\Dma.DatasourceLoader.csproj", "{507C151B-94B7-4666-824D-770F8DB58909}"
EndProject
Project("{9A19103F-16F7-4668-BE54-9A1E7A4F7556}") = "Tests", "Tests\Tests.csproj", "{1DD1A0CF-F5D6-4A97-9817-6CF6DD84E21F}"
EndProject
Global
	GlobalSection(SolutionConfigurationPlatforms) = preSolution
		Debug|Any CPU = Debug|Any CPU
		Release|Any CPU = Release|Any CPU
	EndGlobalSection
	GlobalSection(ProjectConfigurationPlatforms) = postSolution
		{507C151B-94B7-4666-824D-770F8DB58909}.Debug|Any CPU.ActiveCfg = Debug|Any CPU
		{507C151B-94B7-4666-824D-770F8DB58909}.Debug|Any CPU.Build.0 = Debug|Any CPU
		{507C151B-94B7-4666-824D-770F8DB58909}.Release|Any CPU.ActiveCfg = Release|Any CPU
		{507C151B-94B7-4666-824D-770F8DB58909}.Release|Any CPU.Build.0 = Release|Any CPU
		{1DD1A0CF-F5D6-4A97-9817-6CF6DD84E21F}.Debug|Any CPU.ActiveCfg = Debug|Any CPU
		{1DD1A0CF-F5D6-4A97-9817-6CF6DD84E21F}.Debug|Any CPU.Build.0 = Debug|Any CPU
		{1DD1A0CF-F5D6-4A97-9817-6CF6DD84E21F}.Release|Any CPU.ActiveCfg = Release|Any CPU
		{1DD1A0CF-F5D6-4A97-9817-6CF6DD84E21F}.Release|Any CPU.Build.0 = Release|Any CPU
	EndGlobalSection
	GlobalSection(SolutionProperties) = preSolution
		HideSolutionNode = FALSE
	EndGlobalSection
	GlobalSection(ExtensibilityGlobals) = postSolution
		SolutionGuid = {936D53F5-F441-4AEB-A902-157F12BCB1C3}
	EndGlobalSection
EndGlobal
